github.com/DATA-DOG/go-sqlmock v1.5.0 h1:Shsta01QNfFxHCfpW6YH2STWB0MudeXXEWMr20OEh60=
github.com/golang-jwt/jwt/v4 v4.4.3 h1:Hxl6lhQFj4AnOX6MLrsCb/+7tCj7DxP7VA+2rDIq5AU=
github.com/golang-jwt/jwt/v4 v4.4.3/go.mod h1:m21LjoU+eqJr34lmDMbreY2eSTRJ1cv77w39/MY0Ch0=
github.com/gorilla/mux v1.8.0 h1:i40aqfkR1h2SlN9hojwV5ZA91wcXFOvkdNIeFDP5koI=
github.com/gorilla/mux v1.8.0/go.mod h1:DVbg23sWSpFRCP0SfiEN6jmj59UnW/n46BH5rLB71So=
github.com/lib/pq v1.10.7 h1:p7ZhMD+KsSRozJr34udlUrhboJwWAgCg34+/ZZNvZZw=
github.com/lib/pq v1.10.7/go.mod h1:AlVN5x4E4T544tWzH6hKfbfQvm3HdbOxrmggDNAPY9o=
github.com/mikelpsv/go-cups-mod v0.0.0-20230127151145-d676bd33659e h1:i97cJg4r6hYQ0lDW5p/6mmSAMjsHh0oUgy64Q1nVNks=
github.com/mikelpsv/go-cups-mod v0.0.0-20230127151145-d676bd33659e/go.mod h1:T2g0ttsJOlQW8uPSvVFp9buQofTdO7Aq8g1pWxLj5hE=
github.com/mlplabs/app-utils v0.0.0-20221215103534-d034b483b7e2 h1:9glXyU4fOqGe+ar3I9ak0/PskuPrqYqCxKztj+CBeUo=
github.com/mlplabs/app-utils v0.0.0-20221215103534-d034b483b7e2/go.mod h1:fA/sXPRsdqpGrIrgbGZo4W1wCn7JAAQrr3KYsOwTeiw=
github.com/mlplabs/microwms-core v0.0.0-20230118134814-5b5626a0b72b h1:1Q+17ymAGdiLC8KpMaW82Y/bapHQpEhKnNsn+RO3zXM=
github.com/mlplabs/microwms-core v0.0.0-20230118134814-5b5626a0b72b/go.mod h1:H968aB8ZdZnWOnJh/xCM8/u1/5jccXi9FmdoD3TgrHw=
github.com/mlplabs/microwms-core v0.0.0-20230207115749-da338b292a27 h1:vbE7Ov+VjBOdsJL648DE9tyn/pgq3jvDEchERf3uwu0=
github.com/mlplabs/microwms-core v0.0.0-20230207115749-da338b292a27/go.mod h1:H968aB8ZdZnWOnJh/xCM8/u1/5jccXi9FmdoD3TgrHw=
github.com/mlplabs/microwms-core v0.0.0-20230207132126-c845edb4dc3d h1:GISG4jVOwCL0Imr1bypuhIJ8It2HTzsFD6DHpFVRtAY=
github.com/mlplabs/microwms-core v0.0.0-20230207132126-c845edb4dc3d/go.mod h1:H968aB8ZdZnWOnJh/xCM8/u1/5jccXi9FmdoD3TgrHw=
github.com/mlplabs/microwms-core v0.0.0-20230207133815-79bac3cc25d3 h1:eaEpAueO5iWTFsl+/WHlxT892pBnTufsqj7MM2Fw/I4=
github.com/mlplabs/microwms-core v0.0.0-20230207133815-79bac3cc25d3/go.mod h1:H968aB8ZdZnWOnJh/xCM8/u1/5jccXi9FmdoD3TgrHw=
github.com/mlplabs/microwms-core v0.0.0-20230207160054-0a2160170abd h1:5A++QdzGRSMWHYyy07D72VtppJqrm6HChHqlDnxy/Ks=
github.com/mlplabs/microwms-core v0.0.0-20230207160054-0a2160170abd/go.mod h1:H968aB8ZdZnWOnJh/xCM8/u1/5jccXi9FmdoD3TgrHw=
github.com/mlplabs/microwms-core v0.0.0-20230207160741-cf848b8aff44 h1:yQTjVolUFWtgEddv+0ShGYElc9VsGLzj4hce2zIENuA=
github.com/mlplabs/microwms-core v0.0.0-20230207160741-cf848b8aff44/go.mod h1:H968aB8ZdZnWOnJh/xCM8/u1/5jccXi9FmdoD3TgrHw=
github.com/mlplabs/microwms-core v0.0.0-20230207161039-8431f3527869 h1:8c/6hg7WnBOn+jo7GXx2pYjj+fqtk0LVrBvKZNm+V3Q=
github.com/mlplabs/microwms-core v0.0.0-20230207161039-8431f3527869/go.mod h1:H968aB8ZdZnWOnJh/xCM8/u1/5jccXi9FmdoD3TgrHw=
github.com/mlplabs/microwms-core v0.0.0-20230207161229-434c4344c5c0 h1:VyPDRrOYQcY+/DGG585AtRPlLv9zyVidCYmY+hjb4KU=
github.com/mlplabs/microwms-core v0.0.0-20230207161229-434c4344c5c0/go.mod h1:H968aB8ZdZnWOnJh/xCM8/u1/5jccXi9FmdoD3TgrHw=
github.com/mlplabs/microwms-core v0.0.0-20230207163739-175ae8eafb49 h1:HYL5K/wAuV0vtSVqO2lGn5umenYrSZx6jCPkRa8AshA=
github.com/mlplabs/microwms-core v0.0.0-20230207163739-175ae8eafb49/go.mod h1:H968aB8ZdZnWOnJh/xCM8/u1/5jccXi9FmdoD3TgrHw=
github.com/mlplabs/microwms-core v0.0.0-20230207164440-f380896bcd17 h1:x+8l5X/fJfIpYNgfw2BAnI0YzV9JsoWojoc5WIfi3YA=
github.com/mlplabs/microwms-core v0.0.0-20230207164440-f380896bcd17/go.mod h1:H968aB8ZdZnWOnJh/xCM8/u1/5jccXi9FmdoD3TgrHw=
github.com/mlplabs/microwms-core v0.0.0-20230207172402-ed213644aad8 h1:Qk95mwyuQnmhWs3UZmEwS+8p6hmJy6XuE1A/SVu5RQ0=
github.com/mlplabs/microwms-core v0.0.0-20230207172402-ed213644aad8/go.mod h1:H968aB8ZdZnWOnJh/xCM8/u1/5jccXi9FmdoD3TgrHw=
github.com/mlplabs/microwms-core v0.0.0-20230207173316-9b873de871f9 h1:avhuWhehWpGKBKgu7XgzdU7GtbTOfenWicWfZB3ERJw=
github.com/mlplabs/microwms-core v0.0.0-20230207173316-9b873de871f9/go.mod h1:H968aB8ZdZnWOnJh/xCM8/u1/5jccXi9FmdoD3TgrHw=
github.com/mlplabs/microwms-core v0.0.0-20230207175741-153d30d2a390 h1:TWx84JVg7uJZ/UJ4rygJiGKkGoeGTa9WSbKfjuLpVqY=
github.com/mlplabs/microwms-core v0.0.0-20230207175741-153d30d2a390/go.mod h1:H968aB8ZdZnWOnJh/xCM8/u1/5jccXi9FmdoD3TgrHw=
github.com/mlplabs/microwms-core v0.0.0-20230207180400-7b4857659bb4 h1:z6N2+lG18UkcjWkq4SH6gtkNITOOgeXTXh5mByRdQxk=
github.com/mlplabs/microwms-core v0.0.0-20230207180400-7b4857659bb4/go.mod h1:H968aB8ZdZnWOnJh/xCM8/u1/5jccXi9FmdoD3TgrHw=
github.com/mlplabs/microwms-core v0.0.0-20230208073016-22a0b69d554b h1:g7O4wTOHDvfW3Fq1zsEZ3VBqqmq3t1CE3ds56cWHrlw=
github.com/mlplabs/microwms-core v0.0.0-20230208073016-22a0b69d554b/go.mod h1:H968aB8ZdZnWOnJh/xCM8/u1/5jccXi9FmdoD3TgrHw=
github.com/mlplabs/microwms-core v0.0.0-20230208073832-19d2a013f0f5 h1:n2n5Xbww/8ye9jJtdOCue1GSOoQVTaTFyr5PEjltFhc=
github.com/mlplabs/microwms-core v0.0.0-20230208073832-19d2a013f0f5/go.mod h1:H968aB8ZdZnWOnJh/xCM8/u1/5jccXi9FmdoD3TgrHw=
github.com/mlplabs/microwms-core v0.0.0-20230208074038-32097be301d0 h1:C28V1AzSuGOjRUjRWqEWY1RGdGeJd98DaMRibZPzf0c=
github.com/mlplabs/microwms-core v0.0.0-20230208074038-32097be301d0/go.mod h1:H968aB8ZdZnWOnJh/xCM8/u1/5jccXi9FmdoD3TgrHw=
github.com/mlplabs/microwms-core v0.0.0-20230208075214-792117af63db h1:dGLajOxzC+tx9Z9bL3yb6lKZCjoH9PCPZBU2scMa3Jg=
github.com/mlplabs/microwms-core v0.0.0-20230208075214-792117af63db/go.mod h1:H968aB8ZdZnWOnJh/xCM8/u1/5jccXi9FmdoD3TgrHw=
github.com/mlplabs/microwms-core v0.0.0-20230208080307-d6f80ab58b6f h1:GFbbR3SpkKVq0vUR+OYSaN4DwYa5wvAVpgE414ZRkbw=
github.com/mlplabs/microwms-core v0.0.0-20230208080307-d6f80ab58b6f/go.mod h1:H968aB8ZdZnWOnJh/xCM8/u1/5jccXi9FmdoD3TgrHw=
github.com/mlplabs/microwms-core v0.0.0-20230208083445-9a047630987f h1:Vg7fI4hQ6qkwJIwwN36rxX4uYc17MDVACaZFqqkVU+U=
github.com/mlplabs/microwms-core v0.0.0-20230208083445-9a047630987f/go.mod h1:H968aB8ZdZnWOnJh/xCM8/u1/5jccXi9FmdoD3TgrHw=
github.com/mlplabs/microwms-core v0.0.0-20230208083836-73d6a9294872 h1:oO7k7j8Tw69ApYsGwMRQZa5lrT1tuLwJA7U97a6kNyE=
github.com/mlplabs/microwms-core v0.0.0-20230208083836-73d6a9294872/go.mod h1:H968aB8ZdZnWOnJh/xCM8/u1/5jccXi9FmdoD3TgrHw=
github.com/mlplabs/microwms-core v0.0.0-20230208084905-e14024ede529 h1:v412+XMSIcynNb3GmZXi0jkh8ja+jybQjivPatKjTek=
github.com/mlplabs/microwms-core v0.0.0-20230208084905-e14024ede529/go.mod h1:H968aB8ZdZnWOnJh/xCM8/u1/5jccXi9FmdoD3TgrHw=
github.com/mlplabs/microwms-core v0.0.0-20230208105921-922012ebfa67 h1:D8kMBdYvQu/uvy+XS07rzsRAblwFyaIug1LeRgnaIUQ=
github.com/mlplabs/microwms-core v0.0.0-20230208105921-922012ebfa67/go.mod h1:H968aB8ZdZnWOnJh/xCM8/u1/5jccXi9FmdoD3TgrHw=
github.com/mlplabs/microwms-core v0.0.0-20230208111447-762b0a6b86d2 h1:lxVh0i46MiD3rbE25g/K8WNBeUq9xhDHUkaEV4CyfkI=
github.com/mlplabs/microwms-core v0.0.0-20230208111447-762b0a6b86d2/go.mod h1:H968aB8ZdZnWOnJh/xCM8/u1/5jccXi9FmdoD3TgrHw=
github.com/mlplabs/microwms-core v0.0.0-20230208112724-6daac7094692 h1:Nc8plufG1F1PRhuIyopL8NQMbT5cQQI3LMg8kx5e0dw=
github.com/mlplabs/microwms-core v0.0.0-20230208112724-6daac7094692/go.mod h1:H968aB8ZdZnWOnJh/xCM8/u1/5jccXi9FmdoD3TgrHw=
github.com/mlplabs/microwms-core v0.0.0-20230208113708-a37dc2a20f46 h1:RQlPxYFlBH5VUjQgkSxIyt2g6pocqFnhjUjEqYFNJOw=
github.com/mlplabs/microwms-core v0.0.0-20230208113708-a37dc2a20f46/go.mod h1:H968aB8ZdZnWOnJh/xCM8/u1/5jccXi9FmdoD3TgrHw=
github.com/mlplabs/microwms-core v0.0.0-20230208114036-3f574ee86bdd h1:9OjidpcMvFGZQmWh1JZwR2gXWNE5bcPwS58TuVZ0tqg=
github.com/mlplabs/microwms-core v0.0.0-20230208114036-3f574ee86bdd/go.mod h1:H968aB8ZdZnWOnJh/xCM8/u1/5jccXi9FmdoD3TgrHw=
github.com/mlplabs/microwms-core v0.0.0-20230208133002-c4efddf3b5f2 h1:nTHNru8V3Hl4jMlxEywcGzZQYEjwCVSXzKsZShoJ96s=
github.com/mlplabs/microwms-core v0.0.0-20230208133002-c4efddf3b5f2/go.mod h1:H968aB8ZdZnWOnJh/xCM8/u1/5jccXi9FmdoD3TgrHw=
github.com/mlplabs/microwms-core v0.0.0-20230208144402-b72c61ac2cb8 h1:uVtmzIJhdKr7Xc5sQs+9FeVQNehPzpGIm6p0d6adszU=
github.com/mlplabs/microwms-core v0.0.0-20230208144402-b72c61ac2cb8/go.mod h1:H968aB8ZdZnWOnJh/xCM8/u1/5jccXi9FmdoD3TgrHw=
github.com/mlplabs/microwms-core v0.0.0-20230208145106-2bff8b61eec1 h1:c6vwJXciYMyaw5/U3CRRoGubP/xGQ+j6bFw+XK3N2WE=
github.com/mlplabs/microwms-core v0.0.0-20230208145106-2bff8b61eec1/go.mod h1:H968aB8ZdZnWOnJh/xCM8/u1/5jccXi9FmdoD3TgrHw=
github.com/mlplabs/microwms-core v0.0.0-20230208145325-e915f82cdbbd h1:CgZHZytuQi9HakuiyMSQjWCgK0chW0fxjUB/tvrCs2c=
github.com/mlplabs/microwms-core v0.0.0-20230208145325-e915f82cdbbd/go.mod h1:H968aB8ZdZnWOnJh/xCM8/u1/5jccXi9FmdoD3TgrHw=
github.com/mlplabs/microwms-core v0.0.0-20230209082138-1c7bed9397ed h1:x/Rxfpk9NjfYSifKiNgOcxbXqFSryUb5PGITTRfJrLc=
github.com/mlplabs/microwms-core v0.0.0-20230209082138-1c7bed9397ed/go.mod h1:H968aB8ZdZnWOnJh/xCM8/u1/5jccXi9FmdoD3TgrHw=
github.com/mlplabs/microwms-core v0.0.0-20230209100351-23ee1093ae19 h1:84bIX8njobJdPAChkJ7Eel/hop73i422SXRYBDbQSNs=
github.com/mlplabs/microwms-core v0.0.0-20230209100351-23ee1093ae19/go.mod h1:H968aB8ZdZnWOnJh/xCM8/u1/5jccXi9FmdoD3TgrHw=
github.com/mlplabs/microwms-core v0.0.0-20230209100614-2f4f48181e8d h1:EjZBn0Fygs8hSlErFuqI1dA+BoqXstN7536LGs9oaTc=
github.com/mlplabs/microwms-core v0.0.0-20230209100614-2f4f48181e8d/go.mod h1:H968aB8ZdZnWOnJh/xCM8/u1/5jccXi9FmdoD3TgrHw=
github.com/mlplabs/microwms-core v0.0.0-20230209102045-a1b6c44e874a h1:gxx/imk4RcU5waDh7zhB6XYlseSSRDO1kGH8hlXE/38=
github.com/mlplabs/microwms-core v0.0.0-20230209102045-a1b6c44e874a/go.mod h1:H968aB8ZdZnWOnJh/xCM8/u1/5jccXi9FmdoD3TgrHw=
github.com/mlplabs/microwms-core v0.0.0-20230209103655-28f07e3a569b h1:SkrQ4RbcMxMbj0JUwuw9LxJBaqUDKTGAg4gvdRrWjUE=
github.com/mlplabs/microwms-core v0.0.0-20230209103655-28f07e3a569b/go.mod h1:H968aB8ZdZnWOnJh/xCM8/u1/5jccXi9FmdoD3TgrHw=
github.com/mlplabs/microwms-core v0.0.0-20230210150629-79c9cdedc112 h1:b5Es59Y/khnWBQcr7HSXk1kp/dyttRX+8SRI2ephNfY=
github.com/mlplabs/microwms-core v0.0.0-20230210150629-79c9cdedc112/go.mod h1:H968aB8ZdZnWOnJh/xCM8/u1/5jccXi9FmdoD3TgrHw=
github.com/mlplabs/microwms-core v0.0.0-20230213150438-8512b486b7ab h1:jFhzHXy+VEVNI5lDVDSR9BQWgvRo/RjUkGAd6Fxrbeg=
github.com/mlplabs/microwms-core v0.0.0-20230213150438-8512b486b7ab/go.mod h1:H968aB8ZdZnWOnJh/xCM8/u1/5jccXi9FmdoD3TgrHw=
golang.org/x/crypto v0.5.0 h1:U/0M97KRkSFvyD/3FSmdP5W5swImpNgle/EHFhOsQPE=
golang.org/x/crypto v0.5.0/go.mod h1:NK/OQwhpMQP3MwtdjgLlYHnH9ebylxKWv3e0fK+mkQU=
