github.com/DATA-DOG/go-sqlmock v1.5.0 h1:Shsta01QNfFxHCfpW6YH2STWB0MudeXXEWMr20OEh60=
github.com/DATA-DOG/go-sqlmock v1.5.0/go.mod h1:f/Ixk793poVmq4qj/V1dPUg2JEAKC73Q5eFN3EC/SaM=
github.com/golang-jwt/jwt/v4 v4.4.3 h1:Hxl6lhQFj4AnOX6MLrsCb/+7tCj7DxP7VA+2rDIq5AU=
github.com/golang-jwt/jwt/v4 v4.4.3/go.mod h1:m21LjoU+eqJr34lmDMbreY2eSTRJ1cv77w39/MY0Ch0=
github.com/gorilla/mux v1.8.0 h1:i40aqfkR1h2SlN9hojwV5ZA91wcXFOvkdNIeFDP5koI=
github.com/gorilla/mux v1.8.0/go.mod h1:DVbg23sWSpFRCP0SfiEN6jmj59UnW/n46BH5rLB71So=
github.com/joho/godotenv v1.5.1 h1:7eLL/+HRGLY0ldzfGMeQkb7vMd0as4CfYvUVzLqw0N0=
github.com/joho/godotenv v1.5.1/go.mod h1:f4LDr5Voq0i2e/R5DDNOoa2zzDfwtkZa6DnEwAbqwq4=
github.com/lib/pq v1.10.7 h1:p7ZhMD+KsSRozJr34udlUrhboJwWAgCg34+/ZZNvZZw=
github.com/lib/pq v1.10.7/go.mod h1:AlVN5x4E4T544tWzH6hKfbfQvm3HdbOxrmggDNAPY9o=
github.com/mlplabs/app-utils v0.0.0-20221215103534-d034b483b7e2 h1:9glXyU4fOqGe+ar3I9ak0/PskuPrqYqCxKztj+CBeUo=
github.com/mlplabs/app-utils v0.0.0-20221215103534-d034b483b7e2/go.mod h1:fA/sXPRsdqpGrIrgbGZo4W1wCn7JAAQrr3KYsOwTeiw=
github.com/mlplabs/microwms-core v0.0.0-20230221064939-0ea210e33ae1 h1:PsmIOf53+jGND9RuDj0gwwXUoY7ZYuzrfid/V7z7OVI=
github.com/mlplabs/microwms-core v0.0.0-20230221064939-0ea210e33ae1/go.mod h1:H968aB8ZdZnWOnJh/xCM8/u1/5jccXi9FmdoD3TgrHw=
github.com/mlplabs/microwms-core v0.0.0-20230227141240-767ea9dab03f h1:pBg8ZNU9EXrxlKsMDEL2eaAt+puxvB36YzynJMBFXOU=
github.com/mlplabs/microwms-core v0.0.0-20230227141240-767ea9dab03f/go.mod h1:H968aB8ZdZnWOnJh/xCM8/u1/5jccXi9FmdoD3TgrHw=
github.com/mlplabs/microwms-core v0.0.0-20230301145305-d797df2ef249 h1:yXce0qEuEQOqznZ762ABYPVEixplJoPGDfTYIhv0fbw=
github.com/mlplabs/microwms-core v0.0.0-20230301145305-d797df2ef249/go.mod h1:H968aB8ZdZnWOnJh/xCM8/u1/5jccXi9FmdoD3TgrHw=
github.com/mlplabs/microwms-core v0.0.0-20230302115004-3dc64229deb0 h1:ZOh4HacD1KykVlLuTHcjTQMn/YOVrgHXM220iGX2BUA=
github.com/mlplabs/microwms-core v0.0.0-20230302115004-3dc64229deb0/go.mod h1:H968aB8ZdZnWOnJh/xCM8/u1/5jccXi9FmdoD3TgrHw=
github.com/mlplabs/microwms-core v0.0.0-20230302134951-8fc974056b9c h1:MOhQV9UTtPU2WvR4bM7WichI6W5vCGCyQ8o3HnmeRw8=
github.com/mlplabs/microwms-core v0.0.0-20230302134951-8fc974056b9c/go.mod h1:H968aB8ZdZnWOnJh/xCM8/u1/5jccXi9FmdoD3TgrHw=
github.com/mlplabs/microwms-core v0.0.0-20230303083306-986fa6ea2826 h1:GkXC6KgyQTx75lOQbRAXJIJ4sw1mz2+DF2iCrzlXvDg=
github.com/mlplabs/microwms-core v0.0.0-20230303083306-986fa6ea2826/go.mod h1:H968aB8ZdZnWOnJh/xCM8/u1/5jccXi9FmdoD3TgrHw=
github.com/mlplabs/microwms-core v0.0.0-20230303084415-f314b4d645f9 h1:47Bl9OlTEzKhAiciGJ6Xr3rX43DUfy0Jh/9/sQHoX9g=
github.com/mlplabs/microwms-core v0.0.0-20230303084415-f314b4d645f9/go.mod h1:H968aB8ZdZnWOnJh/xCM8/u1/5jccXi9FmdoD3TgrHw=
github.com/mlplabs/microwms-core v0.0.0-20230303085817-ff2dd387a6f1 h1:FJ0KAXq5GUEJqAPWczLtEzfyJLS4rTlhY4+PSphA9UI=
github.com/mlplabs/microwms-core v0.0.0-20230303085817-ff2dd387a6f1/go.mod h1:H968aB8ZdZnWOnJh/xCM8/u1/5jccXi9FmdoD3TgrHw=
golang.org/x/crypto v0.5.0 h1:U/0M97KRkSFvyD/3FSmdP5W5swImpNgle/EHFhOsQPE=
golang.org/x/crypto v0.5.0/go.mod h1:NK/OQwhpMQP3MwtdjgLlYHnH9ebylxKWv3e0fK+mkQU=
