github.com/DATA-DOG/go-sqlmock v1.5.0 h1:Shsta01QNfFxHCfpW6YH2STWB0MudeXXEWMr20OEh60=
github.com/dgrijalva/jwt-go v3.2.0+incompatible h1:7qlOGliEKZXTDg6OTjfoBKDXWrumCAMpl/TFQ4/5kLM=
github.com/dgrijalva/jwt-go v3.2.0+incompatible/go.mod h1:E3ru+11k8xSBh+hMPgOLZmtrrCbhqsmaPHjLKYnJCaQ=
github.com/gorilla/mux v1.8.0 h1:i40aqfkR1h2SlN9hojwV5ZA91wcXFOvkdNIeFDP5koI=
github.com/gorilla/mux v1.8.0/go.mod h1:DVbg23sWSpFRCP0SfiEN6jmj59UnW/n46BH5rLB71So=
github.com/lib/pq v1.10.2/go.mod h1:AlVN5x4E4T544tWzH6hKfbfQvm3HdbOxrmggDNAPY9o=
github.com/lib/pq v1.10.6 h1:jbk+ZieJ0D7EVGJYpL9QTz7/YW6UHbmdnZWYyK5cdBs=
github.com/lib/pq v1.10.6/go.mod h1:AlVN5x4E4T544tWzH6hKfbfQvm3HdbOxrmggDNAPY9o=
github.com/mikelpsv/mod_logging v0.0.0-20210728092205-5989df9bb75e h1:CWnoYDuQOIAFLA1ET4/a7v20fpoO6pXL+Oi5DPcTMFg=
github.com/mikelpsv/mod_logging v0.0.0-20210728092205-5989df9bb75e/go.mod h1:+eoT+PGdE7UQYB7qX3cNtgUpevT1TxcuRBu7MZkyEB0=
github.com/mikelpsv/mod_micro_app v0.0.0-20210528061903-2ecb8387973c h1:fe4hvH7rus7R6r3pIoPkGntdD3U43igyUNZDrg/eEVw=
github.com/mikelpsv/mod_micro_app v0.0.0-20210528061903-2ecb8387973c/go.mod h1:6B/fVh8BuOIZXFPbe1rKAw3VR3B51/BFSG3ezZoDZXg=
github.com/mlplabs/microwms-core v0.0.0-20220719144146-7c355bcb4e29 h1:Dk6KYxCXyu1CTcI2CwsmpJ6dxYksR3F8nGQRooJ879A=
github.com/mlplabs/microwms-core v0.0.0-20220719144146-7c355bcb4e29/go.mod h1:H968aB8ZdZnWOnJh/xCM8/u1/5jccXi9FmdoD3TgrHw=
github.com/mlplabs/microwms-core v0.0.0-20220720140006-ab87f7a7242e h1:mP92IbaDxpMMyNtM4vqp8ZEyF1wBxlSoswAdvQsuCgQ=
github.com/mlplabs/microwms-core v0.0.0-20220720140006-ab87f7a7242e/go.mod h1:H968aB8ZdZnWOnJh/xCM8/u1/5jccXi9FmdoD3TgrHw=
github.com/mlplabs/microwms-core v0.0.0-20220720141537-d092d5b25235 h1:QtzjZgnoXzzKVXrblv68kpASZ+dxQKWq+Qfoky4MzvA=
github.com/mlplabs/microwms-core v0.0.0-20220720141537-d092d5b25235/go.mod h1:H968aB8ZdZnWOnJh/xCM8/u1/5jccXi9FmdoD3TgrHw=
github.com/mlplabs/microwms-core v0.0.0-20220720141853-96a5af714ca1 h1:kzH7jaKM0fpvDwKd7pWBBRnjYklVZbec5qQKEn8oZF8=
github.com/mlplabs/microwms-core v0.0.0-20220720141853-96a5af714ca1/go.mod h1:H968aB8ZdZnWOnJh/xCM8/u1/5jccXi9FmdoD3TgrHw=
github.com/mlplabs/microwms-core v0.0.0-20220720143940-6c96404e0658 h1:fhNjslD+EbU5qzcGGNticb+Nb81eSDu+2GBGurpYmaI=
github.com/mlplabs/microwms-core v0.0.0-20220720143940-6c96404e0658/go.mod h1:H968aB8ZdZnWOnJh/xCM8/u1/5jccXi9FmdoD3TgrHw=
github.com/mlplabs/microwms-core v0.0.0-20220720144819-de564c51dd0d h1:TunJuxUFN0WB4ahP2CacJRMiRJD//nPwZOAV5GDgt1U=
github.com/mlplabs/microwms-core v0.0.0-20220720144819-de564c51dd0d/go.mod h1:H968aB8ZdZnWOnJh/xCM8/u1/5jccXi9FmdoD3TgrHw=
github.com/mlplabs/microwms-core v0.0.0-20220721091243-d83f170117d5 h1:N7hDx50tDXH+m9hG8WTjcEJjT+FuLyjq/DiEaMz6hjY=
github.com/mlplabs/microwms-core v0.0.0-20220721091243-d83f170117d5/go.mod h1:H968aB8ZdZnWOnJh/xCM8/u1/5jccXi9FmdoD3TgrHw=
github.com/mlplabs/microwms-core v0.0.0-20220721115532-7685dc595717 h1:VWGmTinKiQclLHNeAROEKatdX3ogMQMiaan9JJDjr4A=
github.com/mlplabs/microwms-core v0.0.0-20220721115532-7685dc595717/go.mod h1:H968aB8ZdZnWOnJh/xCM8/u1/5jccXi9FmdoD3TgrHw=
github.com/mlplabs/microwms-core v0.0.0-20220721134233-8e8e6001d03f h1:uifwgp3nlIkmW1tl7TJ6B9f8UEb3AJVbB/Yi6pbr2tQ=
github.com/mlplabs/microwms-core v0.0.0-20220721134233-8e8e6001d03f/go.mod h1:H968aB8ZdZnWOnJh/xCM8/u1/5jccXi9FmdoD3TgrHw=
github.com/mlplabs/microwms-core v0.0.0-20220721142456-3bccf195b1c8 h1:VNU2Poio+qN7yzKasA6MXmc9+erfs28HwuoZfkMMd+I=
github.com/mlplabs/microwms-core v0.0.0-20220721142456-3bccf195b1c8/go.mod h1:H968aB8ZdZnWOnJh/xCM8/u1/5jccXi9FmdoD3TgrHw=
github.com/mlplabs/microwms-core v0.0.0-20220721145206-08520b3a3cf8 h1:JeWFvpkRwTsQh5Q8ygcCGBhAOZxIEDsF7OiJ+Xjm88w=
github.com/mlplabs/microwms-core v0.0.0-20220721145206-08520b3a3cf8/go.mod h1:H968aB8ZdZnWOnJh/xCM8/u1/5jccXi9FmdoD3TgrHw=
github.com/mlplabs/microwms-core v0.0.0-20220721151726-330daa8e359b h1:/agF/+w7SPzjDBG1flXroPKf9Tq5Q38dVfkRrKhamf8=
github.com/mlplabs/microwms-core v0.0.0-20220721151726-330daa8e359b/go.mod h1:H968aB8ZdZnWOnJh/xCM8/u1/5jccXi9FmdoD3TgrHw=
github.com/mlplabs/microwms-core v0.0.0-20220721153402-f41a91359985 h1:k3aNyYh9QYiCQdBk3JkuFNM6Ghc1pdCDUncbbEOcYZE=
github.com/mlplabs/microwms-core v0.0.0-20220721153402-f41a91359985/go.mod h1:H968aB8ZdZnWOnJh/xCM8/u1/5jccXi9FmdoD3TgrHw=
github.com/mlplabs/microwms-core v0.0.0-20220722063343-85d20994e671 h1:jC4xwFr6PsjiKs0G5QYBYOHXm2UHfHTg1Ptlw7B1l/Q=
github.com/mlplabs/microwms-core v0.0.0-20220722063343-85d20994e671/go.mod h1:H968aB8ZdZnWOnJh/xCM8/u1/5jccXi9FmdoD3TgrHw=
github.com/mlplabs/microwms-core v0.0.0-20220722091556-fc6c1ed4097f h1:SHHSb8V5AFiiVY5rq0MgVDvpCf3DJn2vLKM9eqoQAMs=
github.com/mlplabs/microwms-core v0.0.0-20220722091556-fc6c1ed4097f/go.mod h1:H968aB8ZdZnWOnJh/xCM8/u1/5jccXi9FmdoD3TgrHw=
github.com/mlplabs/microwms-core v0.0.0-20220722093552-e59d56db7a98 h1:uuf9DlZv20II/l10WASduVaF8aSqv84SasfFwO0RdIM=
github.com/mlplabs/microwms-core v0.0.0-20220722093552-e59d56db7a98/go.mod h1:H968aB8ZdZnWOnJh/xCM8/u1/5jccXi9FmdoD3TgrHw=
github.com/mlplabs/microwms-core v0.0.0-20220725083530-8c4cbfc61d27 h1:sAknbi3FfnmrXYzGEUZDNJ+d1nlXaVlDjSGojICwgjs=
github.com/mlplabs/microwms-core v0.0.0-20220725083530-8c4cbfc61d27/go.mod h1:H968aB8ZdZnWOnJh/xCM8/u1/5jccXi9FmdoD3TgrHw=
golang.org/x/crypto v0.0.0-20210513164829-c07d793c2f9a h1:kr2P4QFmQr29mSLA43kwrOcgcReGTfbE9N577tCTuBc=
golang.org/x/crypto v0.0.0-20210513164829-c07d793c2f9a/go.mod h1:P+XmwS30IXTQdn5tA2iutPOUgjI07+tq3H3K9MVA1s8=
golang.org/x/net v0.0.0-20210226172049-e18ecbb05110/go.mod h1:m0MpNAwzfU5UDzcl9v0D8zg8gWTRqZa9RBIspLL5mdg=
golang.org/x/sys v0.0.0-20201119102817-f84b799fce68/go.mod h1:h1NjWce9XRLGQEsW7wpKNCjG9DtNlClVuFLEZdDNbEs=
golang.org/x/term v0.0.0-20201126162022-7de9c90e9dd1/go.mod h1:bj7SfCRtBDWHUb9snDiAeCFNEtKQo2Wmx5Cou7ajbmo=
golang.org/x/text v0.3.3/go.mod h1:5Zoc/QRtKVWzQhOtBMvqHzDpF6irO9z98xDceosuGiQ=
golang.org/x/tools v0.0.0-20180917221912-90fa682c2a6e/go.mod h1:n7NCudcB/nEzxVGmLbDWY5pfWTLqBcC2KZ6jyYvM4mQ=
